// !$*UTF8*$!
{
	archiveVersion = 1;
	classes = {
	};
	objectVersion = 50;
	objects = {

/* Begin PBXBuildFile section */
		8850BA20226F32F800FFCE3D /* Main.storyboard in Resources */ = {isa = PBXBuildFile; fileRef = 8850BA22226F32F800FFCE3D /* Main.storyboard */; };
		8850BA29226F336B00FFCE3D /* Localizable.strings in Resources */ = {isa = PBXBuildFile; fileRef = 8850BA2B226F336B00FFCE3D /* Localizable.strings */; };
		8850BA30226F473E00FFCE3D /* WordData.swift in Sources */ = {isa = PBXBuildFile; fileRef = 8850BA2F226F473E00FFCE3D /* WordData.swift */; };
		886D415D226FC81F0016527B /* VocabularyLearningAppAPI.framework in Frameworks */ = {isa = PBXBuildFile; fileRef = 886D414D226F62020016527B /* VocabularyLearningAppAPI.framework */; };
		886D415E226FC81F0016527B /* VocabularyLearningAppAPI.framework in Embed Frameworks */ = {isa = PBXBuildFile; fileRef = 886D414D226F62020016527B /* VocabularyLearningAppAPI.framework */; settings = {ATTRIBUTES = (CodeSignOnCopy, RemoveHeadersOnCopy, ); }; };
		886D4169226FCCDA0016527B /* addWordModel.swift in Sources */ = {isa = PBXBuildFile; fileRef = 886D4168226FCCDA0016527B /* addWordModel.swift */; };
		88C4E87D226EFB870008382C /* AppDelegate.swift in Sources */ = {isa = PBXBuildFile; fileRef = 88C4E87C226EFB870008382C /* AppDelegate.swift */; };
		88C4E87F226EFB870008382C /* LearnVC.swift in Sources */ = {isa = PBXBuildFile; fileRef = 88C4E87E226EFB870008382C /* LearnVC.swift */; };
		88C4E881226EFB870008382C /* TestVC.swift in Sources */ = {isa = PBXBuildFile; fileRef = 88C4E880226EFB870008382C /* TestVC.swift */; };
		88C4E886226EFB880008382C /* Assets.xcassets in Resources */ = {isa = PBXBuildFile; fileRef = 88C4E885226EFB880008382C /* Assets.xcassets */; };
		88C4E894226EFB880008382C /* VocabularyLearningAppTests.swift in Sources */ = {isa = PBXBuildFile; fileRef = 88C4E893226EFB880008382C /* VocabularyLearningAppTests.swift */; };
		88C4E89F226EFB890008382C /* VocabularyLearningAppUITests.swift in Sources */ = {isa = PBXBuildFile; fileRef = 88C4E89E226EFB890008382C /* VocabularyLearningAppUITests.swift */; };
		88C4E909226F0AB60008382C /* Backgrounds.xcassets in Resources */ = {isa = PBXBuildFile; fileRef = 88C4E908226F0AB60008382C /* Backgrounds.xcassets */; };
		88C4E90B226F0B560008382C /* AddNewWordVC.swift in Sources */ = {isa = PBXBuildFile; fileRef = 88C4E90A226F0B560008382C /* AddNewWordVC.swift */; };
		9B291420CDAF005E61F568FF /* Pods_VocabularyLearningApp.framework in Frameworks */ = {isa = PBXBuildFile; fileRef = 5EB56743876A778BC207C2B9 /* Pods_VocabularyLearningApp.framework */; };
/* End PBXBuildFile section */

/* Begin PBXContainerItemProxy section */
		886D414C226F62020016527B /* PBXContainerItemProxy */ = {
			isa = PBXContainerItemProxy;
			containerPortal = 886D4134226F57B90016527B /* VocabularyLearningAppAPI.xcodeproj */;
			proxyType = 2;
			remoteGlobalIDString = 88C4E8E3226EFCDD0008382C;
			remoteInfo = VocabularyLearningAppAPI;
		};
		886D414E226F62020016527B /* PBXContainerItemProxy */ = {
			isa = PBXContainerItemProxy;
			containerPortal = 886D4134226F57B90016527B /* VocabularyLearningAppAPI.xcodeproj */;
			proxyType = 2;
			remoteGlobalIDString = 88C4E8EC226EFCDD0008382C;
			remoteInfo = VocabularyLearningAppAPITests;
		};
		886D415F226FC81F0016527B /* PBXContainerItemProxy */ = {
			isa = PBXContainerItemProxy;
			containerPortal = 886D4134226F57B90016527B /* VocabularyLearningAppAPI.xcodeproj */;
			proxyType = 1;
			remoteGlobalIDString = 88C4E8E2226EFCDD0008382C;
			remoteInfo = VocabularyLearningAppAPI;
		};
		88C4E890226EFB880008382C /* PBXContainerItemProxy */ = {
			isa = PBXContainerItemProxy;
			containerPortal = 88C4E871226EFB870008382C /* Project object */;
			proxyType = 1;
			remoteGlobalIDString = 88C4E878226EFB870008382C;
			remoteInfo = VocabularyLearningApp;
		};
		88C4E89B226EFB890008382C /* PBXContainerItemProxy */ = {
			isa = PBXContainerItemProxy;
			containerPortal = 88C4E871226EFB870008382C /* Project object */;
			proxyType = 1;
			remoteGlobalIDString = 88C4E878226EFB870008382C;
			remoteInfo = VocabularyLearningApp;
		};
/* End PBXContainerItemProxy section */

/* Begin PBXCopyFilesBuildPhase section */
		886D4161226FC8200016527B /* Embed Frameworks */ = {
			isa = PBXCopyFilesBuildPhase;
			buildActionMask = 2147483647;
			dstPath = "";
			dstSubfolderSpec = 10;
			files = (
				886D415E226FC81F0016527B /* VocabularyLearningAppAPI.framework in Embed Frameworks */,
			);
			name = "Embed Frameworks";
			runOnlyForDeploymentPostprocessing = 0;
		};
/* End PBXCopyFilesBuildPhase section */

/* Begin PBXFileReference section */
		5EB56743876A778BC207C2B9 /* Pods_VocabularyLearningApp.framework */ = {isa = PBXFileReference; explicitFileType = wrapper.framework; includeInIndex = 0; path = Pods_VocabularyLearningApp.framework; sourceTree = BUILT_PRODUCTS_DIR; };
		6EFF553E7220B4DD03AB4206 /* Pods-VocabularyLearningApp.debug.xcconfig */ = {isa = PBXFileReference; includeInIndex = 1; lastKnownFileType = text.xcconfig; name = "Pods-VocabularyLearningApp.debug.xcconfig"; path = "Target Support Files/Pods-VocabularyLearningApp/Pods-VocabularyLearningApp.debug.xcconfig"; sourceTree = "<group>"; };
		80EEAC21364433BD57D7BD5B /* Pods-VocabularyLearningApp.release.xcconfig */ = {isa = PBXFileReference; includeInIndex = 1; lastKnownFileType = text.xcconfig; name = "Pods-VocabularyLearningApp.release.xcconfig"; path = "Target Support Files/Pods-VocabularyLearningApp/Pods-VocabularyLearningApp.release.xcconfig"; sourceTree = "<group>"; };
		8850BA23226F332600FFCE3D /* Base */ = {isa = PBXFileReference; lastKnownFileType = file.storyboard; name = Base; path = Base.lproj/Main.storyboard; sourceTree = "<group>"; };
		8850BA24226F332D00FFCE3D /* tr */ = {isa = PBXFileReference; lastKnownFileType = text.plist.strings; name = tr; path = tr.lproj/Main.strings; sourceTree = "<group>"; };
		8850BA2A226F336B00FFCE3D /* en */ = {isa = PBXFileReference; lastKnownFileType = text.plist.strings; name = en; path = en.lproj/Localizable.strings; sourceTree = "<group>"; };
		8850BA2C226F336C00FFCE3D /* tr */ = {isa = PBXFileReference; lastKnownFileType = text.plist.strings; name = tr; path = tr.lproj/Localizable.strings; sourceTree = "<group>"; };
		8850BA2D226F3E9100FFCE3D /* en */ = {isa = PBXFileReference; lastKnownFileType = text.plist.strings; name = en; path = en.lproj/Main.strings; sourceTree = "<group>"; };
		8850BA2F226F473E00FFCE3D /* WordData.swift */ = {isa = PBXFileReference; lastKnownFileType = sourcecode.swift; path = WordData.swift; sourceTree = "<group>"; };
		886D4134226F57B90016527B /* VocabularyLearningAppAPI.xcodeproj */ = {isa = PBXFileReference; lastKnownFileType = "wrapper.pb-project"; name = VocabularyLearningAppAPI.xcodeproj; path = /Users/yusuf/Documents/GitHub/Vocabulary_Learning_App/VocabularyLearningApp/VocabularyLearningAppAPI/VocabularyLearningAppAPI.xcodeproj; sourceTree = "<absolute>"; };
		886D4140226F584D0016527B /* VocabularyLearningAppAPI.framework */ = {isa = PBXFileReference; explicitFileType = wrapper.framework; path = VocabularyLearningAppAPI.framework; sourceTree = BUILT_PRODUCTS_DIR; };
		886D4155226FC7BE0016527B /* FirebaseCore.framework */ = {isa = PBXFileReference; explicitFileType = wrapper.framework; path = FirebaseCore.framework; sourceTree = BUILT_PRODUCTS_DIR; };
		886D4164226FC8770016527B /* GTMSessionFetcher.framework */ = {isa = PBXFileReference; explicitFileType = wrapper.framework; path = GTMSessionFetcher.framework; sourceTree = BUILT_PRODUCTS_DIR; };
		886D4168226FCCDA0016527B /* addWordModel.swift */ = {isa = PBXFileReference; lastKnownFileType = sourcecode.swift; path = addWordModel.swift; sourceTree = "<group>"; };
		88C4E879226EFB870008382C /* VocabularyLearningApp.app */ = {isa = PBXFileReference; explicitFileType = wrapper.application; includeInIndex = 0; path = VocabularyLearningApp.app; sourceTree = BUILT_PRODUCTS_DIR; };
		88C4E87C226EFB870008382C /* AppDelegate.swift */ = {isa = PBXFileReference; lastKnownFileType = sourcecode.swift; path = AppDelegate.swift; sourceTree = "<group>"; };
		88C4E87E226EFB870008382C /* LearnVC.swift */ = {isa = PBXFileReference; lastKnownFileType = sourcecode.swift; path = LearnVC.swift; sourceTree = "<group>"; };
		88C4E880226EFB870008382C /* TestVC.swift */ = {isa = PBXFileReference; lastKnownFileType = sourcecode.swift; path = TestVC.swift; sourceTree = "<group>"; };
		88C4E885226EFB880008382C /* Assets.xcassets */ = {isa = PBXFileReference; lastKnownFileType = folder.assetcatalog; path = Assets.xcassets; sourceTree = "<group>"; };
		88C4E88A226EFB880008382C /* Info.plist */ = {isa = PBXFileReference; lastKnownFileType = text.plist.xml; path = Info.plist; sourceTree = "<group>"; };
		88C4E88F226EFB880008382C /* VocabularyLearningAppTests.xctest */ = {isa = PBXFileReference; explicitFileType = wrapper.cfbundle; includeInIndex = 0; path = VocabularyLearningAppTests.xctest; sourceTree = BUILT_PRODUCTS_DIR; };
		88C4E893226EFB880008382C /* VocabularyLearningAppTests.swift */ = {isa = PBXFileReference; lastKnownFileType = sourcecode.swift; path = VocabularyLearningAppTests.swift; sourceTree = "<group>"; };
		88C4E895226EFB880008382C /* Info.plist */ = {isa = PBXFileReference; lastKnownFileType = text.plist.xml; path = Info.plist; sourceTree = "<group>"; };
		88C4E89A226EFB890008382C /* VocabularyLearningAppUITests.xctest */ = {isa = PBXFileReference; explicitFileType = wrapper.cfbundle; includeInIndex = 0; path = VocabularyLearningAppUITests.xctest; sourceTree = BUILT_PRODUCTS_DIR; };
		88C4E89E226EFB890008382C /* VocabularyLearningAppUITests.swift */ = {isa = PBXFileReference; lastKnownFileType = sourcecode.swift; path = VocabularyLearningAppUITests.swift; sourceTree = "<group>"; };
		88C4E8A0226EFB890008382C /* Info.plist */ = {isa = PBXFileReference; lastKnownFileType = text.plist.xml; path = Info.plist; sourceTree = "<group>"; };
		88C4E901226F06F60008382C /* GoogleService-Info.plist */ = {isa = PBXFileReference; fileEncoding = 4; lastKnownFileType = text.plist.xml; path = "GoogleService-Info.plist"; sourceTree = "<group>"; };
		88C4E908226F0AB60008382C /* Backgrounds.xcassets */ = {isa = PBXFileReference; lastKnownFileType = folder.assetcatalog; path = Backgrounds.xcassets; sourceTree = "<group>"; };
		88C4E90A226F0B560008382C /* AddNewWordVC.swift */ = {isa = PBXFileReference; lastKnownFileType = sourcecode.swift; path = AddNewWordVC.swift; sourceTree = "<group>"; };
/* End PBXFileReference section */

/* Begin PBXFrameworksBuildPhase section */
		88C4E876226EFB870008382C /* Frameworks */ = {
			isa = PBXFrameworksBuildPhase;
			buildActionMask = 2147483647;
			files = (
				886D415D226FC81F0016527B /* VocabularyLearningAppAPI.framework in Frameworks */,
				9B291420CDAF005E61F568FF /* Pods_VocabularyLearningApp.framework in Frameworks */,
			);
			runOnlyForDeploymentPostprocessing = 0;
		};
		88C4E88C226EFB880008382C /* Frameworks */ = {
			isa = PBXFrameworksBuildPhase;
			buildActionMask = 2147483647;
			files = (
			);
			runOnlyForDeploymentPostprocessing = 0;
		};
		88C4E897226EFB880008382C /* Frameworks */ = {
			isa = PBXFrameworksBuildPhase;
			buildActionMask = 2147483647;
			files = (
			);
			runOnlyForDeploymentPostprocessing = 0;
		};
/* End PBXFrameworksBuildPhase section */

/* Begin PBXGroup section */
		29EB1977B34451D4786AF54C /* Pods */ = {
			isa = PBXGroup;
			children = (
				6EFF553E7220B4DD03AB4206 /* Pods-VocabularyLearningApp.debug.xcconfig */,
				80EEAC21364433BD57D7BD5B /* Pods-VocabularyLearningApp.release.xcconfig */,
			);
			name = Pods;
			path = ../Pods;
			sourceTree = "<group>";
		};
		6031C984224BB80FE89D8DCD /* Frameworks */ = {
			isa = PBXGroup;
			children = (
				886D4164226FC8770016527B /* GTMSessionFetcher.framework */,
				886D4155226FC7BE0016527B /* FirebaseCore.framework */,
				886D4140226F584D0016527B /* VocabularyLearningAppAPI.framework */,
				5EB56743876A778BC207C2B9 /* Pods_VocabularyLearningApp.framework */,
			);
			name = Frameworks;
			sourceTree = "<group>";
		};
		8850BA18226F31A300FFCE3D /* LocalizedFile */ = {
			isa = PBXGroup;
			children = (
				8850BA2B226F336B00FFCE3D /* Localizable.strings */,
			);
			name = LocalizedFile;
			sourceTree = "<group>";
		};
		8850BA2E226F472600FFCE3D /* DTOs */ = {
			isa = PBXGroup;
			children = (
				8850BA2F226F473E00FFCE3D /* WordData.swift */,
			);
			name = DTOs;
			sourceTree = "<group>";
		};
		886D4148226F62010016527B /* Products */ = {
			isa = PBXGroup;
			children = (
				886D414D226F62020016527B /* VocabularyLearningAppAPI.framework */,
				886D414F226F62020016527B /* VocabularyLearningAppAPITests.xctest */,
			);
			name = Products;
			sourceTree = "<group>";
		};
		886D416A226FCCE00016527B /* Models */ = {
			isa = PBXGroup;
			children = (
				886D4168226FCCDA0016527B /* addWordModel.swift */,
			);
			name = Models;
			sourceTree = "<group>";
		};
		88C4E870226EFB870008382C = {
			isa = PBXGroup;
			children = (
				88C4E87B226EFB870008382C /* VocabularyLearningApp */,
				88C4E892226EFB880008382C /* VocabularyLearningAppTests */,
				88C4E89D226EFB890008382C /* VocabularyLearningAppUITests */,
				88C4E87A226EFB870008382C /* Products */,
				886D4134226F57B90016527B /* VocabularyLearningAppAPI.xcodeproj */,
				29EB1977B34451D4786AF54C /* Pods */,
				6031C984224BB80FE89D8DCD /* Frameworks */,
			);
			sourceTree = "<group>";
		};
		88C4E87A226EFB870008382C /* Products */ = {
			isa = PBXGroup;
			children = (
				88C4E879226EFB870008382C /* VocabularyLearningApp.app */,
				88C4E88F226EFB880008382C /* VocabularyLearningAppTests.xctest */,
				88C4E89A226EFB890008382C /* VocabularyLearningAppUITests.xctest */,
			);
			name = Products;
			sourceTree = "<group>";
		};
		88C4E87B226EFB870008382C /* VocabularyLearningApp */ = {
			isa = PBXGroup;
			children = (
				88C4E902226F06FB0008382C /* Resource */,
				88C4E905226F07270008382C /* Views */,
				88C4E906226F07300008382C /* Controllers */,
				8850BA2E226F472600FFCE3D /* DTOs */,
				88C4E907226F07420008382C /* Medias */,
				8850BA18226F31A300FFCE3D /* LocalizedFile */,
				886D416A226FCCE00016527B /* Models */,
			);
			path = VocabularyLearningApp;
			sourceTree = "<group>";
		};
		88C4E892226EFB880008382C /* VocabularyLearningAppTests */ = {
			isa = PBXGroup;
			children = (
				88C4E893226EFB880008382C /* VocabularyLearningAppTests.swift */,
				88C4E895226EFB880008382C /* Info.plist */,
			);
			path = VocabularyLearningAppTests;
			sourceTree = "<group>";
		};
		88C4E89D226EFB890008382C /* VocabularyLearningAppUITests */ = {
			isa = PBXGroup;
			children = (
				88C4E89E226EFB890008382C /* VocabularyLearningAppUITests.swift */,
				88C4E8A0226EFB890008382C /* Info.plist */,
			);
			path = VocabularyLearningAppUITests;
			sourceTree = "<group>";
		};
		88C4E902226F06FB0008382C /* Resource */ = {
			isa = PBXGroup;
			children = (
				88C4E87C226EFB870008382C /* AppDelegate.swift */,
				88C4E88A226EFB880008382C /* Info.plist */,
				88C4E901226F06F60008382C /* GoogleService-Info.plist */,
			);
			path = Resource;
			sourceTree = "<group>";
		};
		88C4E905226F07270008382C /* Views */ = {
			isa = PBXGroup;
			children = (
				8850BA22226F32F800FFCE3D /* Main.storyboard */,
			);
			path = Views;
			sourceTree = "<group>";
		};
		88C4E906226F07300008382C /* Controllers */ = {
			isa = PBXGroup;
			children = (
				88C4E87E226EFB870008382C /* LearnVC.swift */,
				88C4E880226EFB870008382C /* TestVC.swift */,
				88C4E90A226F0B560008382C /* AddNewWordVC.swift */,
			);
			path = Controllers;
			sourceTree = "<group>";
		};
		88C4E907226F07420008382C /* Medias */ = {
			isa = PBXGroup;
			children = (
				88C4E885226EFB880008382C /* Assets.xcassets */,
				88C4E908226F0AB60008382C /* Backgrounds.xcassets */,
			);
			path = Medias;
			sourceTree = "<group>";
		};
/* End PBXGroup section */

/* Begin PBXNativeTarget section */
		88C4E878226EFB870008382C /* VocabularyLearningApp */ = {
			isa = PBXNativeTarget;
			buildConfigurationList = 88C4E8A3226EFB890008382C /* Build configuration list for PBXNativeTarget "VocabularyLearningApp" */;
			buildPhases = (
				55D2CFDDA0B92236AF504C32 /* [CP] Check Pods Manifest.lock */,
				88C4E875226EFB870008382C /* Sources */,
				88C4E876226EFB870008382C /* Frameworks */,
				88C4E877226EFB870008382C /* Resources */,
				8C8D8FC17B3C74F19A843ECF /* [CP] Embed Pods Frameworks */,
				886D4161226FC8200016527B /* Embed Frameworks */,
			);
			buildRules = (
			);
			dependencies = (
				886D4160226FC81F0016527B /* PBXTargetDependency */,
			);
			name = VocabularyLearningApp;
			productName = VocabularyLearningApp;
			productReference = 88C4E879226EFB870008382C /* VocabularyLearningApp.app */;
			productType = "com.apple.product-type.application";
		};
		88C4E88E226EFB880008382C /* VocabularyLearningAppTests */ = {
			isa = PBXNativeTarget;
			buildConfigurationList = 88C4E8A6226EFB890008382C /* Build configuration list for PBXNativeTarget "VocabularyLearningAppTests" */;
			buildPhases = (
				88C4E88B226EFB880008382C /* Sources */,
				88C4E88C226EFB880008382C /* Frameworks */,
				88C4E88D226EFB880008382C /* Resources */,
			);
			buildRules = (
			);
			dependencies = (
				88C4E891226EFB880008382C /* PBXTargetDependency */,
			);
			name = VocabularyLearningAppTests;
			productName = VocabularyLearningAppTests;
			productReference = 88C4E88F226EFB880008382C /* VocabularyLearningAppTests.xctest */;
			productType = "com.apple.product-type.bundle.unit-test";
		};
		88C4E899226EFB880008382C /* VocabularyLearningAppUITests */ = {
			isa = PBXNativeTarget;
			buildConfigurationList = 88C4E8A9226EFB890008382C /* Build configuration list for PBXNativeTarget "VocabularyLearningAppUITests" */;
			buildPhases = (
				88C4E896226EFB880008382C /* Sources */,
				88C4E897226EFB880008382C /* Frameworks */,
				88C4E898226EFB880008382C /* Resources */,
			);
			buildRules = (
			);
			dependencies = (
				88C4E89C226EFB890008382C /* PBXTargetDependency */,
			);
			name = VocabularyLearningAppUITests;
			productName = VocabularyLearningAppUITests;
			productReference = 88C4E89A226EFB890008382C /* VocabularyLearningAppUITests.xctest */;
			productType = "com.apple.product-type.bundle.ui-testing";
		};
/* End PBXNativeTarget section */

/* Begin PBXProject section */
		88C4E871226EFB870008382C /* Project object */ = {
			isa = PBXProject;
			attributes = {
				LastSwiftUpdateCheck = 1020;
				LastUpgradeCheck = 1020;
				ORGANIZATIONNAME = "Yusuf Özgül";
				TargetAttributes = {
					88C4E878226EFB870008382C = {
						CreatedOnToolsVersion = 10.2.1;
					};
					88C4E88E226EFB880008382C = {
						CreatedOnToolsVersion = 10.2.1;
						TestTargetID = 88C4E878226EFB870008382C;
					};
					88C4E899226EFB880008382C = {
						CreatedOnToolsVersion = 10.2.1;
						TestTargetID = 88C4E878226EFB870008382C;
					};
				};
			};
			buildConfigurationList = 88C4E874226EFB870008382C /* Build configuration list for PBXProject "VocabularyLearningApp" */;
			compatibilityVersion = "Xcode 9.3";
			developmentRegion = en;
			hasScannedForEncodings = 0;
			knownRegions = (
				en,
				tr,
				Base,
			);
			mainGroup = 88C4E870226EFB870008382C;
			productRefGroup = 88C4E87A226EFB870008382C /* Products */;
			projectDirPath = "";
			projectReferences = (
				{
					ProductGroup = 886D4148226F62010016527B /* Products */;
					ProjectRef = 886D4134226F57B90016527B /* VocabularyLearningAppAPI.xcodeproj */;
				},
			);
			projectRoot = "";
			targets = (
				88C4E878226EFB870008382C /* VocabularyLearningApp */,
				88C4E88E226EFB880008382C /* VocabularyLearningAppTests */,
				88C4E899226EFB880008382C /* VocabularyLearningAppUITests */,
			);
		};
/* End PBXProject section */

/* Begin PBXReferenceProxy section */
		886D414D226F62020016527B /* VocabularyLearningAppAPI.framework */ = {
			isa = PBXReferenceProxy;
			fileType = wrapper.framework;
			path = VocabularyLearningAppAPI.framework;
			remoteRef = 886D414C226F62020016527B /* PBXContainerItemProxy */;
			sourceTree = BUILT_PRODUCTS_DIR;
		};
		886D414F226F62020016527B /* VocabularyLearningAppAPITests.xctest */ = {
			isa = PBXReferenceProxy;
			fileType = wrapper.cfbundle;
			path = VocabularyLearningAppAPITests.xctest;
			remoteRef = 886D414E226F62020016527B /* PBXContainerItemProxy */;
			sourceTree = BUILT_PRODUCTS_DIR;
		};
/* End PBXReferenceProxy section */

/* Begin PBXResourcesBuildPhase section */
		88C4E877226EFB870008382C /* Resources */ = {
			isa = PBXResourcesBuildPhase;
			buildActionMask = 2147483647;
			files = (
				88C4E886226EFB880008382C /* Assets.xcassets in Resources */,
				8850BA29226F336B00FFCE3D /* Localizable.strings in Resources */,
				8850BA20226F32F800FFCE3D /* Main.storyboard in Resources */,
				88C4E909226F0AB60008382C /* Backgrounds.xcassets in Resources */,
			);
			runOnlyForDeploymentPostprocessing = 0;
		};
		88C4E88D226EFB880008382C /* Resources */ = {
			isa = PBXResourcesBuildPhase;
			buildActionMask = 2147483647;
			files = (
			);
			runOnlyForDeploymentPostprocessing = 0;
		};
		88C4E898226EFB880008382C /* Resources */ = {
			isa = PBXResourcesBuildPhase;
			buildActionMask = 2147483647;
			files = (
			);
			runOnlyForDeploymentPostprocessing = 0;
		};
/* End PBXResourcesBuildPhase section */

/* Begin PBXShellScriptBuildPhase section */
		55D2CFDDA0B92236AF504C32 /* [CP] Check Pods Manifest.lock */ = {
			isa = PBXShellScriptBuildPhase;
			buildActionMask = 2147483647;
			files = (
			);
			inputFileListPaths = (
			);
			inputPaths = (
				"${PODS_PODFILE_DIR_PATH}/Podfile.lock",
				"${PODS_ROOT}/Manifest.lock",
			);
			name = "[CP] Check Pods Manifest.lock";
			outputFileListPaths = (
			);
			outputPaths = (
				"$(DERIVED_FILE_DIR)/Pods-VocabularyLearningApp-checkManifestLockResult.txt",
			);
			runOnlyForDeploymentPostprocessing = 0;
			shellPath = /bin/sh;
			shellScript = "diff \"${PODS_PODFILE_DIR_PATH}/Podfile.lock\" \"${PODS_ROOT}/Manifest.lock\" > /dev/null\nif [ $? != 0 ] ; then\n    # print error to STDERR\n    echo \"error: The sandbox is not in sync with the Podfile.lock. Run 'pod install' or update your CocoaPods installation.\" >&2\n    exit 1\nfi\n# This output is used by Xcode 'outputs' to avoid re-running this script phase.\necho \"SUCCESS\" > \"${SCRIPT_OUTPUT_FILE_0}\"\n";
			showEnvVarsInLog = 0;
		};
		8C8D8FC17B3C74F19A843ECF /* [CP] Embed Pods Frameworks */ = {
			isa = PBXShellScriptBuildPhase;
			buildActionMask = 2147483647;
			files = (
			);
			inputFileListPaths = (
			);
			inputPaths = (
				"${PODS_ROOT}/Target Support Files/Pods-VocabularyLearningApp/Pods-VocabularyLearningApp-frameworks.sh",
				"${BUILT_PRODUCTS_DIR}/BulletinBoard/BLTNBoard.framework",
				"${BUILT_PRODUCTS_DIR}/CBFlashyTabBarController/CBFlashyTabBarController.framework",
				"${BUILT_PRODUCTS_DIR}/IQKeyboardManagerSwift/IQKeyboardManagerSwift.framework",
				"${BUILT_PRODUCTS_DIR}/SkeletonView/SkeletonView.framework",
				"${BUILT_PRODUCTS_DIR}/GTMSessionFetcher/GTMSessionFetcher.framework",
				"${BUILT_PRODUCTS_DIR}/GoogleUtilities/GoogleUtilities.framework",
				"${BUILT_PRODUCTS_DIR}/leveldb-library/leveldb.framework",
				"${BUILT_PRODUCTS_DIR}/nanopb/nanopb.framework",
			);
			name = "[CP] Embed Pods Frameworks";
			outputFileListPaths = (
			);
			outputPaths = (
				"${TARGET_BUILD_DIR}/${FRAMEWORKS_FOLDER_PATH}/BLTNBoard.framework",
				"${TARGET_BUILD_DIR}/${FRAMEWORKS_FOLDER_PATH}/CBFlashyTabBarController.framework",
				"${TARGET_BUILD_DIR}/${FRAMEWORKS_FOLDER_PATH}/IQKeyboardManagerSwift.framework",
				"${TARGET_BUILD_DIR}/${FRAMEWORKS_FOLDER_PATH}/SkeletonView.framework",
				"${TARGET_BUILD_DIR}/${FRAMEWORKS_FOLDER_PATH}/GTMSessionFetcher.framework",
				"${TARGET_BUILD_DIR}/${FRAMEWORKS_FOLDER_PATH}/GoogleUtilities.framework",
				"${TARGET_BUILD_DIR}/${FRAMEWORKS_FOLDER_PATH}/leveldb.framework",
				"${TARGET_BUILD_DIR}/${FRAMEWORKS_FOLDER_PATH}/nanopb.framework",
			);
			runOnlyForDeploymentPostprocessing = 0;
			shellPath = /bin/sh;
			shellScript = "\"${PODS_ROOT}/Target Support Files/Pods-VocabularyLearningApp/Pods-VocabularyLearningApp-frameworks.sh\"\n";
			showEnvVarsInLog = 0;
		};
/* End PBXShellScriptBuildPhase section */

/* Begin PBXSourcesBuildPhase section */
		88C4E875226EFB870008382C /* Sources */ = {
			isa = PBXSourcesBuildPhase;
			buildActionMask = 2147483647;
			files = (
				88C4E881226EFB870008382C /* TestVC.swift in Sources */,
				88C4E90B226F0B560008382C /* AddNewWordVC.swift in Sources */,
				88C4E87D226EFB870008382C /* AppDelegate.swift in Sources */,
				8850BA30226F473E00FFCE3D /* WordData.swift in Sources */,
				88C4E87F226EFB870008382C /* LearnVC.swift in Sources */,
				886D4169226FCCDA0016527B /* addWordModel.swift in Sources */,
			);
			runOnlyForDeploymentPostprocessing = 0;
		};
		88C4E88B226EFB880008382C /* Sources */ = {
			isa = PBXSourcesBuildPhase;
			buildActionMask = 2147483647;
			files = (
				88C4E894226EFB880008382C /* VocabularyLearningAppTests.swift in Sources */,
			);
			runOnlyForDeploymentPostprocessing = 0;
		};
		88C4E896226EFB880008382C /* Sources */ = {
			isa = PBXSourcesBuildPhase;
			buildActionMask = 2147483647;
			files = (
				88C4E89F226EFB890008382C /* VocabularyLearningAppUITests.swift in Sources */,
			);
			runOnlyForDeploymentPostprocessing = 0;
		};
/* End PBXSourcesBuildPhase section */

/* Begin PBXTargetDependency section */
		886D4160226FC81F0016527B /* PBXTargetDependency */ = {
			isa = PBXTargetDependency;
			name = VocabularyLearningAppAPI;
			targetProxy = 886D415F226FC81F0016527B /* PBXContainerItemProxy */;
		};
		88C4E891226EFB880008382C /* PBXTargetDependency */ = {
			isa = PBXTargetDependency;
			target = 88C4E878226EFB870008382C /* VocabularyLearningApp */;
			targetProxy = 88C4E890226EFB880008382C /* PBXContainerItemProxy */;
		};
		88C4E89C226EFB890008382C /* PBXTargetDependency */ = {
			isa = PBXTargetDependency;
			target = 88C4E878226EFB870008382C /* VocabularyLearningApp */;
			targetProxy = 88C4E89B226EFB890008382C /* PBXContainerItemProxy */;
		};
/* End PBXTargetDependency section */

/* Begin PBXVariantGroup section */
		8850BA22226F32F800FFCE3D /* Main.storyboard */ = {
			isa = PBXVariantGroup;
			children = (
				8850BA23226F332600FFCE3D /* Base */,
				8850BA24226F332D00FFCE3D /* tr */,
				8850BA2D226F3E9100FFCE3D /* en */,
			);
			name = Main.storyboard;
			sourceTree = "<group>";
		};
		8850BA2B226F336B00FFCE3D /* Localizable.strings */ = {
			isa = PBXVariantGroup;
			children = (
				8850BA2A226F336B00FFCE3D /* en */,
				8850BA2C226F336C00FFCE3D /* tr */,
			);
			name = Localizable.strings;
			sourceTree = "<group>";
		};
/* End PBXVariantGroup section */

/* Begin XCBuildConfiguration section */
		88C4E8A1226EFB890008382C /* Debug */ = {
			isa = XCBuildConfiguration;
			buildSettings = {
				ALWAYS_SEARCH_USER_PATHS = NO;
				CLANG_ANALYZER_LOCALIZABILITY_NONLOCALIZED = YES;
				CLANG_ANALYZER_NONNULL = YES;
				CLANG_ANALYZER_NUMBER_OBJECT_CONVERSION = YES_AGGRESSIVE;
				CLANG_CXX_LANGUAGE_STANDARD = "gnu++14";
				CLANG_CXX_LIBRARY = "libc++";
				CLANG_ENABLE_MODULES = YES;
				CLANG_ENABLE_OBJC_ARC = YES;
				CLANG_ENABLE_OBJC_WEAK = YES;
				CLANG_WARN_BLOCK_CAPTURE_AUTORELEASING = YES;
				CLANG_WARN_BOOL_CONVERSION = YES;
				CLANG_WARN_COMMA = YES;
				CLANG_WARN_CONSTANT_CONVERSION = YES;
				CLANG_WARN_DEPRECATED_OBJC_IMPLEMENTATIONS = YES;
				CLANG_WARN_DIRECT_OBJC_ISA_USAGE = YES_ERROR;
				CLANG_WARN_DOCUMENTATION_COMMENTS = YES;
				CLANG_WARN_EMPTY_BODY = YES;
				CLANG_WARN_ENUM_CONVERSION = YES;
				CLANG_WARN_INFINITE_RECURSION = YES;
				CLANG_WARN_INT_CONVERSION = YES;
				CLANG_WARN_NON_LITERAL_NULL_CONVERSION = YES;
				CLANG_WARN_OBJC_IMPLICIT_RETAIN_SELF = YES;
				CLANG_WARN_OBJC_LITERAL_CONVERSION = YES;
				CLANG_WARN_OBJC_ROOT_CLASS = YES_ERROR;
				CLANG_WARN_RANGE_LOOP_ANALYSIS = YES;
				CLANG_WARN_STRICT_PROTOTYPES = YES;
				CLANG_WARN_SUSPICIOUS_MOVE = YES;
				CLANG_WARN_UNGUARDED_AVAILABILITY = YES_AGGRESSIVE;
				CLANG_WARN_UNREACHABLE_CODE = YES;
				CLANG_WARN__DUPLICATE_METHOD_MATCH = YES;
				CODE_SIGN_IDENTITY = "iPhone Developer";
				COPY_PHASE_STRIP = NO;
				DEBUG_INFORMATION_FORMAT = dwarf;
				ENABLE_STRICT_OBJC_MSGSEND = YES;
				ENABLE_TESTABILITY = YES;
				GCC_C_LANGUAGE_STANDARD = gnu11;
				GCC_DYNAMIC_NO_PIC = NO;
				GCC_NO_COMMON_BLOCKS = YES;
				GCC_OPTIMIZATION_LEVEL = 0;
				GCC_PREPROCESSOR_DEFINITIONS = (
					"DEBUG=1",
					"$(inherited)",
				);
				GCC_WARN_64_TO_32_BIT_CONVERSION = YES;
				GCC_WARN_ABOUT_RETURN_TYPE = YES_ERROR;
				GCC_WARN_UNDECLARED_SELECTOR = YES;
				GCC_WARN_UNINITIALIZED_AUTOS = YES_AGGRESSIVE;
				GCC_WARN_UNUSED_FUNCTION = YES;
				GCC_WARN_UNUSED_VARIABLE = YES;
				IPHONEOS_DEPLOYMENT_TARGET = 12.2;
				MTL_ENABLE_DEBUG_INFO = INCLUDE_SOURCE;
				MTL_FAST_MATH = YES;
				ONLY_ACTIVE_ARCH = YES;
				SDKROOT = iphoneos;
				SWIFT_ACTIVE_COMPILATION_CONDITIONS = DEBUG;
				SWIFT_OPTIMIZATION_LEVEL = "-Onone";
			};
			name = Debug;
		};
		88C4E8A2226EFB890008382C /* Release */ = {
			isa = XCBuildConfiguration;
			buildSettings = {
				ALWAYS_SEARCH_USER_PATHS = NO;
				CLANG_ANALYZER_LOCALIZABILITY_NONLOCALIZED = YES;
				CLANG_ANALYZER_NONNULL = YES;
				CLANG_ANALYZER_NUMBER_OBJECT_CONVERSION = YES_AGGRESSIVE;
				CLANG_CXX_LANGUAGE_STANDARD = "gnu++14";
				CLANG_CXX_LIBRARY = "libc++";
				CLANG_ENABLE_MODULES = YES;
				CLANG_ENABLE_OBJC_ARC = YES;
				CLANG_ENABLE_OBJC_WEAK = YES;
				CLANG_WARN_BLOCK_CAPTURE_AUTORELEASING = YES;
				CLANG_WARN_BOOL_CONVERSION = YES;
				CLANG_WARN_COMMA = YES;
				CLANG_WARN_CONSTANT_CONVERSION = YES;
				CLANG_WARN_DEPRECATED_OBJC_IMPLEMENTATIONS = YES;
				CLANG_WARN_DIRECT_OBJC_ISA_USAGE = YES_ERROR;
				CLANG_WARN_DOCUMENTATION_COMMENTS = YES;
				CLANG_WARN_EMPTY_BODY = YES;
				CLANG_WARN_ENUM_CONVERSION = YES;
				CLANG_WARN_INFINITE_RECURSION = YES;
				CLANG_WARN_INT_CONVERSION = YES;
				CLANG_WARN_NON_LITERAL_NULL_CONVERSION = YES;
				CLANG_WARN_OBJC_IMPLICIT_RETAIN_SELF = YES;
				CLANG_WARN_OBJC_LITERAL_CONVERSION = YES;
				CLANG_WARN_OBJC_ROOT_CLASS = YES_ERROR;
				CLANG_WARN_RANGE_LOOP_ANALYSIS = YES;
				CLANG_WARN_STRICT_PROTOTYPES = YES;
				CLANG_WARN_SUSPICIOUS_MOVE = YES;
				CLANG_WARN_UNGUARDED_AVAILABILITY = YES_AGGRESSIVE;
				CLANG_WARN_UNREACHABLE_CODE = YES;
				CLANG_WARN__DUPLICATE_METHOD_MATCH = YES;
				CODE_SIGN_IDENTITY = "iPhone Developer";
				COPY_PHASE_STRIP = NO;
				DEBUG_INFORMATION_FORMAT = "dwarf-with-dsym";
				ENABLE_NS_ASSERTIONS = NO;
				ENABLE_STRICT_OBJC_MSGSEND = YES;
				GCC_C_LANGUAGE_STANDARD = gnu11;
				GCC_NO_COMMON_BLOCKS = YES;
				GCC_WARN_64_TO_32_BIT_CONVERSION = YES;
				GCC_WARN_ABOUT_RETURN_TYPE = YES_ERROR;
				GCC_WARN_UNDECLARED_SELECTOR = YES;
				GCC_WARN_UNINITIALIZED_AUTOS = YES_AGGRESSIVE;
				GCC_WARN_UNUSED_FUNCTION = YES;
				GCC_WARN_UNUSED_VARIABLE = YES;
				IPHONEOS_DEPLOYMENT_TARGET = 12.2;
				MTL_ENABLE_DEBUG_INFO = NO;
				MTL_FAST_MATH = YES;
				SDKROOT = iphoneos;
				SWIFT_COMPILATION_MODE = wholemodule;
				SWIFT_OPTIMIZATION_LEVEL = "-O";
				VALIDATE_PRODUCT = YES;
			};
			name = Release;
		};
		88C4E8A4226EFB890008382C /* Debug */ = {
			isa = XCBuildConfiguration;
			baseConfigurationReference = 6EFF553E7220B4DD03AB4206 /* Pods-VocabularyLearningApp.debug.xcconfig */;
			buildSettings = {
				ALWAYS_EMBED_SWIFT_STANDARD_LIBRARIES = YES;
				ASSETCATALOG_COMPILER_APPICON_NAME = AppIcon;
				CODE_SIGN_STYLE = Automatic;
				INFOPLIST_FILE = "$(SRCROOT)/VocabularyLearningApp/Resource/Info.plist";
				LD_RUNPATH_SEARCH_PATHS = (
					"$(inherited)",
					"@executable_path/Frameworks",
				);
				PRODUCT_BUNDLE_IDENTIFIER = com.yusufozgul.VocabularyLearningApp;
				PRODUCT_NAME = "$(TARGET_NAME)";
				SWIFT_VERSION = 5.0;
				TARGETED_DEVICE_FAMILY = "1,2";
			};
			name = Debug;
		};
		88C4E8A5226EFB890008382C /* Release */ = {
			isa = XCBuildConfiguration;
			baseConfigurationReference = 80EEAC21364433BD57D7BD5B /* Pods-VocabularyLearningApp.release.xcconfig */;
			buildSettings = {
				ALWAYS_EMBED_SWIFT_STANDARD_LIBRARIES = YES;
				ASSETCATALOG_COMPILER_APPICON_NAME = AppIcon;
				CODE_SIGN_STYLE = Automatic;
				INFOPLIST_FILE = "$(SRCROOT)/VocabularyLearningApp/Resource/Info.plist";
				LD_RUNPATH_SEARCH_PATHS = (
					"$(inherited)",
					"@executable_path/Frameworks",
				);
				PRODUCT_BUNDLE_IDENTIFIER = com.yusufozgul.VocabularyLearningApp;
				PRODUCT_NAME = "$(TARGET_NAME)";
				SWIFT_VERSION = 5.0;
				TARGETED_DEVICE_FAMILY = "1,2";
			};
			name = Release;
		};
		88C4E8A7226EFB890008382C /* Debug */ = {
			isa = XCBuildConfiguration;
			buildSettings = {
				ALWAYS_EMBED_SWIFT_STANDARD_LIBRARIES = YES;
				BUNDLE_LOADER = "$(TEST_HOST)";
				CODE_SIGN_STYLE = Automatic;
				INFOPLIST_FILE = VocabularyLearningAppTests/Info.plist;
				LD_RUNPATH_SEARCH_PATHS = (
					"$(inherited)",
					"@executable_path/Frameworks",
					"@loader_path/Frameworks",
				);
				PRODUCT_BUNDLE_IDENTIFIER = com.yusufozgul.VocabularyLearningAppTests;
				PRODUCT_NAME = "$(TARGET_NAME)";
				SWIFT_VERSION = 5.0;
				TARGETED_DEVICE_FAMILY = "1,2";
				TEST_HOST = "$(BUILT_PRODUCTS_DIR)/VocabularyLearningApp.app/VocabularyLearningApp";
			};
			name = Debug;
		};
		88C4E8A8226EFB890008382C /* Release */ = {
			isa = XCBuildConfiguration;
			buildSettings = {
				ALWAYS_EMBED_SWIFT_STANDARD_LIBRARIES = YES;
				BUNDLE_LOADER = "$(TEST_HOST)";
				CODE_SIGN_STYLE = Automatic;
				INFOPLIST_FILE = VocabularyLearningAppTests/Info.plist;
				LD_RUNPATH_SEARCH_PATHS = (
					"$(inherited)",
					"@executable_path/Frameworks",
					"@loader_path/Frameworks",
				);
				PRODUCT_BUNDLE_IDENTIFIER = com.yusufozgul.VocabularyLearningAppTests;
				PRODUCT_NAME = "$(TARGET_NAME)";
				SWIFT_VERSION = 5.0;
				TARGETED_DEVICE_FAMILY = "1,2";
				TEST_HOST = "$(BUILT_PRODUCTS_DIR)/VocabularyLearningApp.app/VocabularyLearningApp";
			};
			name = Release;
		};
		88C4E8AA226EFB890008382C /* Debug */ = {
			isa = XCBuildConfiguration;
			buildSettings = {
				ALWAYS_EMBED_SWIFT_STANDARD_LIBRARIES = YES;
				CODE_SIGN_STYLE = Automatic;
				INFOPLIST_FILE = VocabularyLearningAppUITests/Info.plist;
				LD_RUNPATH_SEARCH_PATHS = (
					"$(inherited)",
					"@executable_path/Frameworks",
					"@loader_path/Frameworks",
				);
				PRODUCT_BUNDLE_IDENTIFIER = com.yusufozgul.VocabularyLearningAppUITests;
				PRODUCT_NAME = "$(TARGET_NAME)";
				SWIFT_VERSION = 5.0;
				TARGETED_DEVICE_FAMILY = "1,2";
				TEST_TARGET_NAME = VocabularyLearningApp;
			};
			name = Debug;
		};
		88C4E8AB226EFB890008382C /* Release */ = {
			isa = XCBuildConfiguration;
			buildSettings = {
				ALWAYS_EMBED_SWIFT_STANDARD_LIBRARIES = YES;
				CODE_SIGN_STYLE = Automatic;
				INFOPLIST_FILE = VocabularyLearningAppUITests/Info.plist;
				LD_RUNPATH_SEARCH_PATHS = (
					"$(inherited)",
					"@executable_path/Frameworks",
					"@loader_path/Frameworks",
				);
				PRODUCT_BUNDLE_IDENTIFIER = com.yusufozgul.VocabularyLearningAppUITests;
				PRODUCT_NAME = "$(TARGET_NAME)";
				SWIFT_VERSION = 5.0;
				TARGETED_DEVICE_FAMILY = "1,2";
				TEST_TARGET_NAME = VocabularyLearningApp;
			};
			name = Release;
		};
/* End XCBuildConfiguration section */

/* Begin XCConfigurationList section */
		88C4E874226EFB870008382C /* Build configuration list for PBXProject "VocabularyLearningApp" */ = {
			isa = XCConfigurationList;
			buildConfigurations = (
				88C4E8A1226EFB890008382C /* Debug */,
				88C4E8A2226EFB890008382C /* Release */,
			);
			defaultConfigurationIsVisible = 0;
			defaultConfigurationName = Release;
		};
		88C4E8A3226EFB890008382C /* Build configuration list for PBXNativeTarget "VocabularyLearningApp" */ = {
			isa = XCConfigurationList;
			buildConfigurations = (
				88C4E8A4226EFB890008382C /* Debug */,
				88C4E8A5226EFB890008382C /* Release */,
			);
			defaultConfigurationIsVisible = 0;
			defaultConfigurationName = Release;
		};
		88C4E8A6226EFB890008382C /* Build configuration list for PBXNativeTarget "VocabularyLearningAppTests" */ = {
			isa = XCConfigurationList;
			buildConfigurations = (
				88C4E8A7226EFB890008382C /* Debug */,
				88C4E8A8226EFB890008382C /* Release */,
			);
			defaultConfigurationIsVisible = 0;
			defaultConfigurationName = Release;
		};
		88C4E8A9226EFB890008382C /* Build configuration list for PBXNativeTarget "VocabularyLearningAppUITests" */ = {
			isa = XCConfigurationList;
			buildConfigurations = (
				88C4E8AA226EFB890008382C /* Debug */,
				88C4E8AB226EFB890008382C /* Release */,
			);
			defaultConfigurationIsVisible = 0;
			defaultConfigurationName = Release;
		};
/* End XCConfigurationList section */
	};
	rootObject = 88C4E871226EFB870008382C /* Project object */;
}
